
Microsoft Visual Studio Solution File, Format Version 12.00
Project("{FAE04EC0-301F-11D3-BF4B-00C04F79EFBC}") = "EFContextLibrary", "EFContextLibrary\EFContextLibrary.csproj", "{6CF68BED-3CBC-4E9E-A141-3E1696CA36A8}"
EndProject
Project("{FAE04EC0-301F-11D3-BF4B-00C04F79EFBC}") = "A11-StartupProj", "A11-StartupProj\A11-StartupProj.csproj", "{AF2CE039-5DDD-4825-A568-5453EA7D71FC}"
EndProject
Global
	GlobalSection(SolutionConfigurationPlatforms) = preSolution
		Debug|Any CPU = Debug|Any CPU
		Release|Any CPU = Release|Any CPU
	EndGlobalSection
	GlobalSection(ProjectConfigurationPlatforms) = postSolution
		{6CF68BED-3CBC-4E9E-A141-3E1696CA36A8}.Debug|Any CPU.ActiveCfg = Debug|Any CPU
		{6CF68BED-3CBC-4E9E-A141-3E1696CA36A8}.Debug|Any CPU.Build.0 = Debug|Any CPU
		{6CF68BED-3CBC-4E9E-A141-3E1696CA36A8}.Release|Any CPU.ActiveCfg = Release|Any CPU
		{6CF68BED-3CBC-4E9E-A141-3E1696CA36A8}.Release|Any CPU.Build.0 = Release|Any CPU
		{AF2CE039-5DDD-4825-A568-5453EA7D71FC}.Debug|Any CPU.ActiveCfg = Debug|Any CPU
		{AF2CE039-5DDD-4825-A568-5453EA7D71FC}.Debug|Any CPU.Build.0 = Debug|Any CPU
		{AF2CE039-5DDD-4825-A568-5453EA7D71FC}.Release|Any CPU.ActiveCfg = Release|Any CPU
		{AF2CE039-5DDD-4825-A568-5453EA7D71FC}.Release|Any CPU.Build.0 = Release|Any CPU
	EndGlobalSection
EndGlobal
